// !$*UTF8*$!
{
	archiveVersion = 1;
	classes = {
	};
	objectVersion = 56;
	objects = {

/* Begin PBXBuildFile section */
		7037DCE42B7BA2AA005F4A3A /* ConfirmRow.swift in Sources */ = {isa = PBXBuildFile; fileRef = 7037DCE32B7BA2AA005F4A3A /* ConfirmRow.swift */; };
		705E084F2B7E107F00A8428F /* home.png in Resources */ = {isa = PBXBuildFile; fileRef = 705E084E2B7E107F00A8428F /* home.png */; };
		705E08512B7E108B00A8428F /* sheet.png in Resources */ = {isa = PBXBuildFile; fileRef = 705E08502B7E108B00A8428F /* sheet.png */; };
		708BCBA72B8362FA001EDBEA /* MyTextField.swift in Sources */ = {isa = PBXBuildFile; fileRef = 708BCBA62B8362FA001EDBEA /* MyTextField.swift */; };
		708BCBAC2B836DA5001EDBEA /* String+Extension.swift in Sources */ = {isa = PBXBuildFile; fileRef = 708BCBAB2B836DA5001EDBEA /* String+Extension.swift */; };
		708BCBAE2B837AAA001EDBEA /* ViewModel.swift in Sources */ = {isa = PBXBuildFile; fileRef = 708BCBAD2B837AAA001EDBEA /* ViewModel.swift */; };
		708BCBB12B838E51001EDBEA /* CardHolderValidator.swift in Sources */ = {isa = PBXBuildFile; fileRef = 708BCBB02B838E51001EDBEA /* CardHolderValidator.swift */; };
		708BCBB32B8390EF001EDBEA /* CardScheme.swift in Sources */ = {isa = PBXBuildFile; fileRef = 708BCBB22B8390EF001EDBEA /* CardScheme.swift */; };
		708BCBB52B839102001EDBEA /* CardNumberValidator.swift in Sources */ = {isa = PBXBuildFile; fileRef = 708BCBB42B839102001EDBEA /* CardNumberValidator.swift */; };
		708BCBB82B839166001EDBEA /* LuhnChecker.swift in Sources */ = {isa = PBXBuildFile; fileRef = 708BCBB72B839166001EDBEA /* LuhnChecker.swift */; };
		708BCBBA2B839501001EDBEA /* Temp.swift in Sources */ = {isa = PBXBuildFile; fileRef = 708BCBB92B839501001EDBEA /* Temp.swift */; };
		70AF63542B7BBA9B000C40F0 /* BottomSheetView.swift in Sources */ = {isa = PBXBuildFile; fileRef = 70AF63532B7BBA9B000C40F0 /* BottomSheetView.swift */; };
		70D7A5F92B7BF4C70078AB5F /* RowContent.swift in Sources */ = {isa = PBXBuildFile; fileRef = 70D7A5F82B7BF4C70078AB5F /* RowContent.swift */; };
		70DD814F2B5AEBFC002B5315 /* SuccessIndicatorView.swift in Sources */ = {isa = PBXBuildFile; fileRef = 70DD814E2B5AEBFC002B5315 /* SuccessIndicatorView.swift */; };
		70E4906D2B57E5F7001A1CED /* TestSwiftUiApp.swift in Sources */ = {isa = PBXBuildFile; fileRef = 70E4906C2B57E5F7001A1CED /* TestSwiftUiApp.swift */; };
		70E4906F2B57E5F7001A1CED /* ContentView.swift in Sources */ = {isa = PBXBuildFile; fileRef = 70E4906E2B57E5F7001A1CED /* ContentView.swift */; };
		70E490712B57E5F8001A1CED /* Assets.xcassets in Resources */ = {isa = PBXBuildFile; fileRef = 70E490702B57E5F8001A1CED /* Assets.xcassets */; };
		70E490742B57E5F8001A1CED /* Preview Assets.xcassets in Resources */ = {isa = PBXBuildFile; fileRef = 70E490732B57E5F8001A1CED /* Preview Assets.xcassets */; };
/* End PBXBuildFile section */

/* Begin PBXFileReference section */
		7037DCE32B7BA2AA005F4A3A /* ConfirmRow.swift */ = {isa = PBXFileReference; lastKnownFileType = sourcecode.swift; path = ConfirmRow.swift; sourceTree = "<group>"; };
		705E08472B7E0EE700A8428F /* README.md */ = {isa = PBXFileReference; lastKnownFileType = net.daringfireball.markdown; path = README.md; sourceTree = "<group>"; };
		705E084E2B7E107F00A8428F /* home.png */ = {isa = PBXFileReference; lastKnownFileType = image.png; name = home.png; path = ../../../../../../Desktop/home.png; sourceTree = "<group>"; };
		705E08502B7E108B00A8428F /* sheet.png */ = {isa = PBXFileReference; lastKnownFileType = image.png; name = sheet.png; path = ../../../../../../Desktop/sheet.png; sourceTree = "<group>"; };
		708BCBA62B8362FA001EDBEA /* MyTextField.swift */ = {isa = PBXFileReference; lastKnownFileType = sourcecode.swift; path = MyTextField.swift; sourceTree = "<group>"; };
		708BCBAB2B836DA5001EDBEA /* String+Extension.swift */ = {isa = PBXFileReference; lastKnownFileType = sourcecode.swift; path = "String+Extension.swift"; sourceTree = "<group>"; };
		708BCBAD2B837AAA001EDBEA /* ViewModel.swift */ = {isa = PBXFileReference; lastKnownFileType = sourcecode.swift; path = ViewModel.swift; sourceTree = "<group>"; };
		708BCBB02B838E51001EDBEA /* CardHolderValidator.swift */ = {isa = PBXFileReference; lastKnownFileType = sourcecode.swift; path = CardHolderValidator.swift; sourceTree = "<group>"; };
		708BCBB22B8390EF001EDBEA /* CardScheme.swift */ = {isa = PBXFileReference; lastKnownFileType = sourcecode.swift; path = CardScheme.swift; sourceTree = "<group>"; };
		708BCBB42B839102001EDBEA /* CardNumberValidator.swift */ = {isa = PBXFileReference; lastKnownFileType = sourcecode.swift; path = CardNumberValidator.swift; sourceTree = "<group>"; };
		708BCBB72B839166001EDBEA /* LuhnChecker.swift */ = {isa = PBXFileReference; lastKnownFileType = sourcecode.swift; path = LuhnChecker.swift; sourceTree = "<group>"; };
		708BCBB92B839501001EDBEA /* Temp.swift */ = {isa = PBXFileReference; lastKnownFileType = sourcecode.swift; path = Temp.swift; sourceTree = "<group>"; };
		70AF63532B7BBA9B000C40F0 /* BottomSheetView.swift */ = {isa = PBXFileReference; lastKnownFileType = sourcecode.swift; path = BottomSheetView.swift; sourceTree = "<group>"; };
		70D7A5F82B7BF4C70078AB5F /* RowContent.swift */ = {isa = PBXFileReference; lastKnownFileType = sourcecode.swift; path = RowContent.swift; sourceTree = "<group>"; };
		70DD814E2B5AEBFC002B5315 /* SuccessIndicatorView.swift */ = {isa = PBXFileReference; lastKnownFileType = sourcecode.swift; path = SuccessIndicatorView.swift; sourceTree = "<group>"; };
		70E490692B57E5F7001A1CED /* TestSwiftUi.app */ = {isa = PBXFileReference; explicitFileType = wrapper.application; includeInIndex = 0; path = TestSwiftUi.app; sourceTree = BUILT_PRODUCTS_DIR; };
		70E4906C2B57E5F7001A1CED /* TestSwiftUiApp.swift */ = {isa = PBXFileReference; lastKnownFileType = sourcecode.swift; path = TestSwiftUiApp.swift; sourceTree = "<group>"; };
		70E4906E2B57E5F7001A1CED /* ContentView.swift */ = {isa = PBXFileReference; lastKnownFileType = sourcecode.swift; path = ContentView.swift; sourceTree = "<group>"; };
		70E490702B57E5F8001A1CED /* Assets.xcassets */ = {isa = PBXFileReference; lastKnownFileType = folder.assetcatalog; path = Assets.xcassets; sourceTree = "<group>"; };
		70E490732B57E5F8001A1CED /* Preview Assets.xcassets */ = {isa = PBXFileReference; lastKnownFileType = folder.assetcatalog; path = "Preview Assets.xcassets"; sourceTree = "<group>"; };
/* End PBXFileReference section */

/* Begin PBXFrameworksBuildPhase section */
		70E490662B57E5F7001A1CED /* Frameworks */ = {
			isa = PBXFrameworksBuildPhase;
			buildActionMask = 2147483647;
			files = (
			);
			runOnlyForDeploymentPostprocessing = 0;
		};
/* End PBXFrameworksBuildPhase section */

/* Begin PBXGroup section */
		705E08452B7E0BE800A8428F /* Views */ = {
			isa = PBXGroup;
			children = (
				705E08462B7E0C9E00A8428F /* BottomSheet */,
				70DD814E2B5AEBFC002B5315 /* SuccessIndicatorView.swift */,
				7037DCE32B7BA2AA005F4A3A /* ConfirmRow.swift */,
			);
			path = Views;
			sourceTree = "<group>";
		};
		705E08462B7E0C9E00A8428F /* BottomSheet */ = {
			isa = PBXGroup;
			children = (
				70D7A5F82B7BF4C70078AB5F /* RowContent.swift */,
				70AF63532B7BBA9B000C40F0 /* BottomSheetView.swift */,
			);
			path = BottomSheet;
			sourceTree = "<group>";
		};
		705E084D2B7E106500A8428F /* Screenshots */ = {
			isa = PBXGroup;
			children = (
				705E08502B7E108B00A8428F /* sheet.png */,
				705E084E2B7E107F00A8428F /* home.png */,
			);
			path = Screenshots;
			sourceTree = "<group>";
		};
		708BCBAF2B838E36001EDBEA /* Card */ = {
			isa = PBXGroup;
			children = (
				708BCBB62B839157001EDBEA /* Validators */,
				708BCBA62B8362FA001EDBEA /* MyTextField.swift */,
				708BCBAD2B837AAA001EDBEA /* ViewModel.swift */,
			);
			path = Card;
			sourceTree = "<group>";
		};
		708BCBB62B839157001EDBEA /* Validators */ = {
			isa = PBXGroup;
			children = (
				708BCBB42B839102001EDBEA /* CardNumberValidator.swift */,
				708BCBB22B8390EF001EDBEA /* CardScheme.swift */,
				708BCBB02B838E51001EDBEA /* CardHolderValidator.swift */,
				708BCBB72B839166001EDBEA /* LuhnChecker.swift */,
				708BCBB92B839501001EDBEA /* Temp.swift */,
			);
			path = Validators;
			sourceTree = "<group>";
		};
		70E490602B57E5F6001A1CED = {
			isa = PBXGroup;
			children = (
				705E084D2B7E106500A8428F /* Screenshots */,
				705E08472B7E0EE700A8428F /* README.md */,
				70E4906B2B57E5F7001A1CED /* TestSwiftUi */,
				70E4906A2B57E5F7001A1CED /* Products */,
			);
			sourceTree = "<group>";
		};
		70E4906A2B57E5F7001A1CED /* Products */ = {
			isa = PBXGroup;
			children = (
				70E490692B57E5F7001A1CED /* TestSwiftUi.app */,
			);
			name = Products;
			sourceTree = "<group>";
		};
		70E4906B2B57E5F7001A1CED /* TestSwiftUi */ = {
			isa = PBXGroup;
			children = (
				708BCBAF2B838E36001EDBEA /* Card */,
				705E08452B7E0BE800A8428F /* Views */,
				70E4906C2B57E5F7001A1CED /* TestSwiftUiApp.swift */,
				70E4906E2B57E5F7001A1CED /* ContentView.swift */,
				70E490702B57E5F8001A1CED /* Assets.xcassets */,
				70E490722B57E5F8001A1CED /* Preview Content */,
				708BCBAB2B836DA5001EDBEA /* String+Extension.swift */,
			);
			path = TestSwiftUi;
			sourceTree = "<group>";
		};
		70E490722B57E5F8001A1CED /* Preview Content */ = {
			isa = PBXGroup;
			children = (
				70E490732B57E5F8001A1CED /* Preview Assets.xcassets */,
			);
			path = "Preview Content";
			sourceTree = "<group>";
		};
/* End PBXGroup section */

/* Begin PBXNativeTarget section */
		70E490682B57E5F7001A1CED /* TestSwiftUi */ = {
			isa = PBXNativeTarget;
			buildConfigurationList = 70E490772B57E5F8001A1CED /* Build configuration list for PBXNativeTarget "TestSwiftUi" */;
			buildPhases = (
				70E490652B57E5F7001A1CED /* Sources */,
				70E490662B57E5F7001A1CED /* Frameworks */,
				70E490672B57E5F7001A1CED /* Resources */,
			);
			buildRules = (
			);
			dependencies = (
			);
			name = TestSwiftUi;
			productName = TestSwiftUi;
			productReference = 70E490692B57E5F7001A1CED /* TestSwiftUi.app */;
			productType = "com.apple.product-type.application";
		};
/* End PBXNativeTarget section */

/* Begin PBXProject section */
		70E490612B57E5F6001A1CED /* Project object */ = {
			isa = PBXProject;
			attributes = {
				BuildIndependentTargetsInParallel = 1;
				LastSwiftUpdateCheck = 1520;
				LastUpgradeCheck = 1520;
				TargetAttributes = {
					70E490682B57E5F7001A1CED = {
						CreatedOnToolsVersion = 15.2;
					};
				};
			};
			buildConfigurationList = 70E490642B57E5F6001A1CED /* Build configuration list for PBXProject "TestSwiftUi" */;
			compatibilityVersion = "Xcode 14.0";
			developmentRegion = en;
			hasScannedForEncodings = 0;
			knownRegions = (
				en,
				Base,
			);
			mainGroup = 70E490602B57E5F6001A1CED;
			productRefGroup = 70E4906A2B57E5F7001A1CED /* Products */;
			projectDirPath = "";
			projectRoot = "";
			targets = (
				70E490682B57E5F7001A1CED /* TestSwiftUi */,
			);
		};
/* End PBXProject section */

/* Begin PBXResourcesBuildPhase section */
		70E490672B57E5F7001A1CED /* Resources */ = {
			isa = PBXResourcesBuildPhase;
			buildActionMask = 2147483647;
			files = (
				70E490742B57E5F8001A1CED /* Preview Assets.xcassets in Resources */,
				705E08512B7E108B00A8428F /* sheet.png in Resources */,
				70E490712B57E5F8001A1CED /* Assets.xcassets in Resources */,
				705E084F2B7E107F00A8428F /* home.png in Resources */,
			);
			runOnlyForDeploymentPostprocessing = 0;
		};
/* End PBXResourcesBuildPhase section */

/* Begin PBXSourcesBuildPhase section */
		70E490652B57E5F7001A1CED /* Sources */ = {
			isa = PBXSourcesBuildPhase;
			buildActionMask = 2147483647;
			files = (
				708BCBB12B838E51001EDBEA /* CardHolderValidator.swift in Sources */,
				708BCBB52B839102001EDBEA /* CardNumberValidator.swift in Sources */,
				70AF63542B7BBA9B000C40F0 /* BottomSheetView.swift in Sources */,
				708BCBB32B8390EF001EDBEA /* CardScheme.swift in Sources */,
				708BCBAE2B837AAA001EDBEA /* ViewModel.swift in Sources */,
				708BCBAC2B836DA5001EDBEA /* String+Extension.swift in Sources */,
				70E4906F2B57E5F7001A1CED /* ContentView.swift in Sources */,
				708BCBBA2B839501001EDBEA /* Temp.swift in Sources */,
				70D7A5F92B7BF4C70078AB5F /* RowContent.swift in Sources */,
				708BCBA72B8362FA001EDBEA /* MyTextField.swift in Sources */,
				708BCBB82B839166001EDBEA /* LuhnChecker.swift in Sources */,
				70E4906D2B57E5F7001A1CED /* TestSwiftUiApp.swift in Sources */,
				70DD814F2B5AEBFC002B5315 /* SuccessIndicatorView.swift in Sources */,
				7037DCE42B7BA2AA005F4A3A /* ConfirmRow.swift in Sources */,
			);
			runOnlyForDeploymentPostprocessing = 0;
		};
/* End PBXSourcesBuildPhase section */

/* Begin XCBuildConfiguration section */
		70E490752B57E5F8001A1CED /* Debug */ = {
			isa = XCBuildConfiguration;
			buildSettings = {
				ALWAYS_SEARCH_USER_PATHS = NO;
				ASSETCATALOG_COMPILER_GENERATE_SWIFT_ASSET_SYMBOL_EXTENSIONS = YES;
				CLANG_ANALYZER_NONNULL = YES;
				CLANG_ANALYZER_NUMBER_OBJECT_CONVERSION = YES_AGGRESSIVE;
				CLANG_CXX_LANGUAGE_STANDARD = "gnu++20";
				CLANG_ENABLE_MODULES = YES;
				CLANG_ENABLE_OBJC_ARC = YES;
				CLANG_ENABLE_OBJC_WEAK = YES;
				CLANG_WARN_BLOCK_CAPTURE_AUTORELEASING = YES;
				CLANG_WARN_BOOL_CONVERSION = YES;
				CLANG_WARN_COMMA = YES;
				CLANG_WARN_CONSTANT_CONVERSION = YES;
				CLANG_WARN_DEPRECATED_OBJC_IMPLEMENTATIONS = YES;
				CLANG_WARN_DIRECT_OBJC_ISA_USAGE = YES_ERROR;
				CLANG_WARN_DOCUMENTATION_COMMENTS = YES;
				CLANG_WARN_EMPTY_BODY = YES;
				CLANG_WARN_ENUM_CONVERSION = YES;
				CLANG_WARN_INFINITE_RECURSION = YES;
				CLANG_WARN_INT_CONVERSION = YES;
				CLANG_WARN_NON_LITERAL_NULL_CONVERSION = YES;
				CLANG_WARN_OBJC_IMPLICIT_RETAIN_SELF = YES;
				CLANG_WARN_OBJC_LITERAL_CONVERSION = YES;
				CLANG_WARN_OBJC_ROOT_CLASS = YES_ERROR;
				CLANG_WARN_QUOTED_INCLUDE_IN_FRAMEWORK_HEADER = YES;
				CLANG_WARN_RANGE_LOOP_ANALYSIS = YES;
				CLANG_WARN_STRICT_PROTOTYPES = YES;
				CLANG_WARN_SUSPICIOUS_MOVE = YES;
				CLANG_WARN_UNGUARDED_AVAILABILITY = YES_AGGRESSIVE;
				CLANG_WARN_UNREACHABLE_CODE = YES;
				CLANG_WARN__DUPLICATE_METHOD_MATCH = YES;
				COPY_PHASE_STRIP = NO;
				DEBUG_INFORMATION_FORMAT = dwarf;
				ENABLE_STRICT_OBJC_MSGSEND = YES;
				ENABLE_TESTABILITY = YES;
				ENABLE_USER_SCRIPT_SANDBOXING = YES;
				GCC_C_LANGUAGE_STANDARD = gnu17;
				GCC_DYNAMIC_NO_PIC = NO;
				GCC_NO_COMMON_BLOCKS = YES;
				GCC_OPTIMIZATION_LEVEL = 0;
				GCC_PREPROCESSOR_DEFINITIONS = (
					"DEBUG=1",
					"$(inherited)",
				);
				GCC_WARN_64_TO_32_BIT_CONVERSION = YES;
				GCC_WARN_ABOUT_RETURN_TYPE = YES_ERROR;
				GCC_WARN_UNDECLARED_SELECTOR = YES;
				GCC_WARN_UNINITIALIZED_AUTOS = YES_AGGRESSIVE;
				GCC_WARN_UNUSED_FUNCTION = YES;
				GCC_WARN_UNUSED_VARIABLE = YES;
				IPHONEOS_DEPLOYMENT_TARGET = 17.2;
				LOCALIZATION_PREFERS_STRING_CATALOGS = YES;
				MTL_ENABLE_DEBUG_INFO = INCLUDE_SOURCE;
				MTL_FAST_MATH = YES;
				ONLY_ACTIVE_ARCH = YES;
				SDKROOT = iphoneos;
				SWIFT_ACTIVE_COMPILATION_CONDITIONS = "DEBUG $(inherited)";
				SWIFT_OPTIMIZATION_LEVEL = "-Onone";
			};
			name = Debug;
		};
		70E490762B57E5F8001A1CED /* Release */ = {
			isa = XCBuildConfiguration;
			buildSettings = {
				ALWAYS_SEARCH_USER_PATHS = NO;
				ASSETCATALOG_COMPILER_GENERATE_SWIFT_ASSET_SYMBOL_EXTENSIONS = YES;
				CLANG_ANALYZER_NONNULL = YES;
				CLANG_ANALYZER_NUMBER_OBJECT_CONVERSION = YES_AGGRESSIVE;
				CLANG_CXX_LANGUAGE_STANDARD = "gnu++20";
				CLANG_ENABLE_MODULES = YES;
				CLANG_ENABLE_OBJC_ARC = YES;
				CLANG_ENABLE_OBJC_WEAK = YES;
				CLANG_WARN_BLOCK_CAPTURE_AUTORELEASING = YES;
				CLANG_WARN_BOOL_CONVERSION = YES;
				CLANG_WARN_COMMA = YES;
				CLANG_WARN_CONSTANT_CONVERSION = YES;
				CLANG_WARN_DEPRECATED_OBJC_IMPLEMENTATIONS = YES;
				CLANG_WARN_DIRECT_OBJC_ISA_USAGE = YES_ERROR;
				CLANG_WARN_DOCUMENTATION_COMMENTS = YES;
				CLANG_WARN_EMPTY_BODY = YES;
				CLANG_WARN_ENUM_CONVERSION = YES;
				CLANG_WARN_INFINITE_RECURSION = YES;
				CLANG_WARN_INT_CONVERSION = YES;
				CLANG_WARN_NON_LITERAL_NULL_CONVERSION = YES;
				CLANG_WARN_OBJC_IMPLICIT_RETAIN_SELF = YES;
				CLANG_WARN_OBJC_LITERAL_CONVERSION = YES;
				CLANG_WARN_OBJC_ROOT_CLASS = YES_ERROR;
				CLANG_WARN_QUOTED_INCLUDE_IN_FRAMEWORK_HEADER = YES;
				CLANG_WARN_RANGE_LOOP_ANALYSIS = YES;
				CLANG_WARN_STRICT_PROTOTYPES = YES;
				CLANG_WARN_SUSPICIOUS_MOVE = YES;
				CLANG_WARN_UNGUARDED_AVAILABILITY = YES_AGGRESSIVE;
				CLANG_WARN_UNREACHABLE_CODE = YES;
				CLANG_WARN__DUPLICATE_METHOD_MATCH = YES;
				COPY_PHASE_STRIP = NO;
				DEBUG_INFORMATION_FORMAT = "dwarf-with-dsym";
				ENABLE_NS_ASSERTIONS = NO;
				ENABLE_STRICT_OBJC_MSGSEND = YES;
				ENABLE_USER_SCRIPT_SANDBOXING = YES;
				GCC_C_LANGUAGE_STANDARD = gnu17;
				GCC_NO_COMMON_BLOCKS = YES;
				GCC_WARN_64_TO_32_BIT_CONVERSION = YES;
				GCC_WARN_ABOUT_RETURN_TYPE = YES_ERROR;
				GCC_WARN_UNDECLARED_SELECTOR = YES;
				GCC_WARN_UNINITIALIZED_AUTOS = YES_AGGRESSIVE;
				GCC_WARN_UNUSED_FUNCTION = YES;
				GCC_WARN_UNUSED_VARIABLE = YES;
				IPHONEOS_DEPLOYMENT_TARGET = 17.2;
				LOCALIZATION_PREFERS_STRING_CATALOGS = YES;
				MTL_ENABLE_DEBUG_INFO = NO;
				MTL_FAST_MATH = YES;
				SDKROOT = iphoneos;
				SWIFT_COMPILATION_MODE = wholemodule;
				VALIDATE_PRODUCT = YES;
			};
			name = Release;
		};
		70E490782B57E5F8001A1CED /* Debug */ = {
			isa = XCBuildConfiguration;
			buildSettings = {
				ASSETCATALOG_COMPILER_APPICON_NAME = AppIcon;
				ASSETCATALOG_COMPILER_GLOBAL_ACCENT_COLOR_NAME = AccentColor;
				CODE_SIGN_STYLE = Automatic;
				CURRENT_PROJECT_VERSION = 1;
				DEVELOPMENT_ASSET_PATHS = "\"TestSwiftUi/Preview Content\"";
				DEVELOPMENT_TEAM = ATAF9M6422;
				ENABLE_PREVIEWS = YES;
				GENERATE_INFOPLIST_FILE = YES;
				INFOPLIST_KEY_UIApplicationSceneManifest_Generation = YES;
				INFOPLIST_KEY_UIApplicationSupportsIndirectInputEvents = YES;
				INFOPLIST_KEY_UILaunchScreen_Generation = YES;
				INFOPLIST_KEY_UISupportedInterfaceOrientations_iPad = "UIInterfaceOrientationPortrait UIInterfaceOrientationPortraitUpsideDown UIInterfaceOrientationLandscapeLeft UIInterfaceOrientationLandscapeRight";
				INFOPLIST_KEY_UISupportedInterfaceOrientations_iPhone = "UIInterfaceOrientationPortrait UIInterfaceOrientationLandscapeLeft UIInterfaceOrientationLandscapeRight";
				LD_RUNPATH_SEARCH_PATHS = (
					"$(inherited)",
					"@executable_path/Frameworks",
				);
				MARKETING_VERSION = 1.0;
				PRODUCT_BUNDLE_IDENTIFIER = com.troshchiy.TestSwiftUi;
				PRODUCT_NAME = "$(TARGET_NAME)";
				SWIFT_EMIT_LOC_STRINGS = YES;
				SWIFT_VERSION = 5.0;
				TARGETED_DEVICE_FAMILY = "1,2";
			};
			name = Debug;
		};
		70E490792B57E5F8001A1CED /* Release */ = {
			isa = XCBuildConfiguration;
			buildSettings = {
				ASSETCATALOG_COMPILER_APPICON_NAME = AppIcon;
				ASSETCATALOG_COMPILER_GLOBAL_ACCENT_COLOR_NAME = AccentColor;
				CODE_SIGN_STYLE = Automatic;
				CURRENT_PROJECT_VERSION = 1;
				DEVELOPMENT_ASSET_PATHS = "\"TestSwiftUi/Preview Content\"";
				DEVELOPMENT_TEAM = ATAF9M6422;
				ENABLE_PREVIEWS = YES;
				GENERATE_INFOPLIST_FILE = YES;
				INFOPLIST_KEY_UIApplicationSceneManifest_Generation = YES;
				INFOPLIST_KEY_UIApplicationSupportsIndirectInputEvents = YES;
				INFOPLIST_KEY_UILaunchScreen_Generation = YES;
				INFOPLIST_KEY_UISupportedInterfaceOrientations_iPad = "UIInterfaceOrientationPortrait UIInterfaceOrientationPortraitUpsideDown UIInterfaceOrientationLandscapeLeft UIInterfaceOrientationLandscapeRight";
				INFOPLIST_KEY_UISupportedInterfaceOrientations_iPhone = "UIInterfaceOrientationPortrait UIInterfaceOrientationLandscapeLeft UIInterfaceOrientationLandscapeRight";
				LD_RUNPATH_SEARCH_PATHS = (
					"$(inherited)",
					"@executable_path/Frameworks",
				);
				MARKETING_VERSION = 1.0;
				PRODUCT_BUNDLE_IDENTIFIER = com.troshchiy.TestSwiftUi;
				PRODUCT_NAME = "$(TARGET_NAME)";
				SWIFT_EMIT_LOC_STRINGS = YES;
				SWIFT_VERSION = 5.0;
				TARGETED_DEVICE_FAMILY = "1,2";
			};
			name = Release;
		};
/* End XCBuildConfiguration section */

/* Begin XCConfigurationList section */
		70E490642B57E5F6001A1CED /* Build configuration list for PBXProject "TestSwiftUi" */ = {
			isa = XCConfigurationList;
			buildConfigurations = (
				70E490752B57E5F8001A1CED /* Debug */,
				70E490762B57E5F8001A1CED /* Release */,
			);
			defaultConfigurationIsVisible = 0;
			defaultConfigurationName = Release;
		};
		70E490772B57E5F8001A1CED /* Build configuration list for PBXNativeTarget "TestSwiftUi" */ = {
			isa = XCConfigurationList;
			buildConfigurations = (
				70E490782B57E5F8001A1CED /* Debug */,
				70E490792B57E5F8001A1CED /* Release */,
			);
			defaultConfigurationIsVisible = 0;
			defaultConfigurationName = Release;
		};
/* End XCConfigurationList section */
	};
	rootObject = 70E490612B57E5F6001A1CED /* Project object */;
}
